// !$*UTF8*$!
{
	archiveVersion = 1;
	classes = {
	};
	objectVersion = 50;
	objects = {

/* Begin PBXBuildFile section */
		54D3BBA9F331C1019BD2DB7B /* Pods_RockPaperScissors.framework in Frameworks */ = {isa = PBXBuildFile; fileRef = 0C733D24B9C4868A5A03E639 /* Pods_RockPaperScissors.framework */; };
		76D752EC594A7EE71F67EB3D /* Pods_RockPaperScissorsTests.framework in Frameworks */ = {isa = PBXBuildFile; fileRef = 54B3DA4655A69F2DDC099B1C /* Pods_RockPaperScissorsTests.framework */; };
		C1436444222B1A9F00884170 /* AppDelegate.swift in Sources */ = {isa = PBXBuildFile; fileRef = C1436443222B1A9F00884170 /* AppDelegate.swift */; };
		C143644B222B1AA000884170 /* Assets.xcassets in Resources */ = {isa = PBXBuildFile; fileRef = C143644A222B1AA000884170 /* Assets.xcassets */; };
		C143644E222B1AA000884170 /* LaunchScreen.storyboard in Resources */ = {isa = PBXBuildFile; fileRef = C143644C222B1AA000884170 /* LaunchScreen.storyboard */; };
		C1436459222B1AA000884170 /* RockPaperScissorsTests.swift in Sources */ = {isa = PBXBuildFile; fileRef = C1436458222B1AA000884170 /* RockPaperScissorsTests.swift */; };
		C1436464222B1B7900884170 /* GoogleService-Info.plist in Resources */ = {isa = PBXBuildFile; fileRef = C1436463222B1B7900884170 /* GoogleService-Info.plist */; };
		C143646A222B1FD600884170 /* Login.swift in Sources */ = {isa = PBXBuildFile; fileRef = C1436468222B1FD600884170 /* Login.swift */; };
		C143646B222B1FD600884170 /* Login.xib in Resources */ = {isa = PBXBuildFile; fileRef = C1436469222B1FD600884170 /* Login.xib */; };
		C183AB03222B3A5C00DABCAF /* PlayerProfile.swift in Sources */ = {isa = PBXBuildFile; fileRef = C183AB02222B3A5C00DABCAF /* PlayerProfile.swift */; };
		C183AB07222B3FA300DABCAF /* Authentication.swift in Sources */ = {isa = PBXBuildFile; fileRef = C183AB06222B3FA300DABCAF /* Authentication.swift */; };
		C183AB0D222B6DD100DABCAF /* RemoteDatabase.swift in Sources */ = {isa = PBXBuildFile; fileRef = C183AB0C222B6DD100DABCAF /* RemoteDatabase.swift */; };
/* End PBXBuildFile section */

/* Begin PBXContainerItemProxy section */
		C1436455222B1AA000884170 /* PBXContainerItemProxy */ = {
			isa = PBXContainerItemProxy;
			containerPortal = C1436438222B1A9F00884170 /* Project object */;
			proxyType = 1;
			remoteGlobalIDString = C143643F222B1A9F00884170;
			remoteInfo = RockPaperScissors;
		};
/* End PBXContainerItemProxy section */

/* Begin PBXFileReference section */
		0C733D24B9C4868A5A03E639 /* Pods_RockPaperScissors.framework */ = {isa = PBXFileReference; explicitFileType = wrapper.framework; includeInIndex = 0; path = Pods_RockPaperScissors.framework; sourceTree = BUILT_PRODUCTS_DIR; };
		296E5EDF0C2459926CE9C38C /* Pods-RockPaperScissorsTests.debug.xcconfig */ = {isa = PBXFileReference; includeInIndex = 1; lastKnownFileType = text.xcconfig; name = "Pods-RockPaperScissorsTests.debug.xcconfig"; path = "Target Support Files/Pods-RockPaperScissorsTests/Pods-RockPaperScissorsTests.debug.xcconfig"; sourceTree = "<group>"; };
		54B3DA4655A69F2DDC099B1C /* Pods_RockPaperScissorsTests.framework */ = {isa = PBXFileReference; explicitFileType = wrapper.framework; includeInIndex = 0; path = Pods_RockPaperScissorsTests.framework; sourceTree = BUILT_PRODUCTS_DIR; };
		7611B890ECAEBB6FB6054D2D /* Pods-RockPaperScissorsTests.release.xcconfig */ = {isa = PBXFileReference; includeInIndex = 1; lastKnownFileType = text.xcconfig; name = "Pods-RockPaperScissorsTests.release.xcconfig"; path = "Target Support Files/Pods-RockPaperScissorsTests/Pods-RockPaperScissorsTests.release.xcconfig"; sourceTree = "<group>"; };
		C1436440222B1A9F00884170 /* RockPaperScissors.app */ = {isa = PBXFileReference; explicitFileType = wrapper.application; includeInIndex = 0; path = RockPaperScissors.app; sourceTree = BUILT_PRODUCTS_DIR; };
		C1436443222B1A9F00884170 /* AppDelegate.swift */ = {isa = PBXFileReference; lastKnownFileType = sourcecode.swift; path = AppDelegate.swift; sourceTree = "<group>"; };
		C143644A222B1AA000884170 /* Assets.xcassets */ = {isa = PBXFileReference; lastKnownFileType = folder.assetcatalog; path = Assets.xcassets; sourceTree = "<group>"; };
		C143644D222B1AA000884170 /* Base */ = {isa = PBXFileReference; lastKnownFileType = file.storyboard; name = Base; path = Base.lproj/LaunchScreen.storyboard; sourceTree = "<group>"; };
		C143644F222B1AA000884170 /* Info.plist */ = {isa = PBXFileReference; lastKnownFileType = text.plist.xml; path = Info.plist; sourceTree = "<group>"; };
		C1436454222B1AA000884170 /* RockPaperScissorsTests.xctest */ = {isa = PBXFileReference; explicitFileType = wrapper.cfbundle; includeInIndex = 0; path = RockPaperScissorsTests.xctest; sourceTree = BUILT_PRODUCTS_DIR; };
		C1436458222B1AA000884170 /* RockPaperScissorsTests.swift */ = {isa = PBXFileReference; lastKnownFileType = sourcecode.swift; path = RockPaperScissorsTests.swift; sourceTree = "<group>"; };
		C143645A222B1AA000884170 /* Info.plist */ = {isa = PBXFileReference; lastKnownFileType = text.plist.xml; path = Info.plist; sourceTree = "<group>"; };
		C1436463222B1B7900884170 /* GoogleService-Info.plist */ = {isa = PBXFileReference; fileEncoding = 4; lastKnownFileType = text.plist.xml; path = "GoogleService-Info.plist"; sourceTree = "<group>"; };
		C1436468222B1FD600884170 /* Login.swift */ = {isa = PBXFileReference; lastKnownFileType = sourcecode.swift; path = Login.swift; sourceTree = "<group>"; };
		C1436469222B1FD600884170 /* Login.xib */ = {isa = PBXFileReference; lastKnownFileType = file.xib; path = Login.xib; sourceTree = "<group>"; };
		C183AB02222B3A5C00DABCAF /* PlayerProfile.swift */ = {isa = PBXFileReference; lastKnownFileType = sourcecode.swift; path = PlayerProfile.swift; sourceTree = "<group>"; };
		C183AB06222B3FA300DABCAF /* Authentication.swift */ = {isa = PBXFileReference; lastKnownFileType = sourcecode.swift; path = Authentication.swift; sourceTree = "<group>"; };
		C183AB0C222B6DD100DABCAF /* RemoteDatabase.swift */ = {isa = PBXFileReference; lastKnownFileType = sourcecode.swift; path = RemoteDatabase.swift; sourceTree = "<group>"; };
		DE3CB0DA11B6FD5279B7D038 /* Pods-RockPaperScissors.debug.xcconfig */ = {isa = PBXFileReference; includeInIndex = 1; lastKnownFileType = text.xcconfig; name = "Pods-RockPaperScissors.debug.xcconfig"; path = "Target Support Files/Pods-RockPaperScissors/Pods-RockPaperScissors.debug.xcconfig"; sourceTree = "<group>"; };
		F750E23082497B2025A6A469 /* Pods-RockPaperScissors.release.xcconfig */ = {isa = PBXFileReference; includeInIndex = 1; lastKnownFileType = text.xcconfig; name = "Pods-RockPaperScissors.release.xcconfig"; path = "Target Support Files/Pods-RockPaperScissors/Pods-RockPaperScissors.release.xcconfig"; sourceTree = "<group>"; };
/* End PBXFileReference section */

/* Begin PBXFrameworksBuildPhase section */
		C143643D222B1A9F00884170 /* Frameworks */ = {
			isa = PBXFrameworksBuildPhase;
			buildActionMask = 2147483647;
			files = (
				54D3BBA9F331C1019BD2DB7B /* Pods_RockPaperScissors.framework in Frameworks */,
			);
			runOnlyForDeploymentPostprocessing = 0;
		};
		C1436451222B1AA000884170 /* Frameworks */ = {
			isa = PBXFrameworksBuildPhase;
			buildActionMask = 2147483647;
			files = (
				76D752EC594A7EE71F67EB3D /* Pods_RockPaperScissorsTests.framework in Frameworks */,
			);
			runOnlyForDeploymentPostprocessing = 0;
		};
/* End PBXFrameworksBuildPhase section */

/* Begin PBXGroup section */
		C1436437222B1A9F00884170 = {
			isa = PBXGroup;
			children = (
				C1436442222B1A9F00884170 /* RockPaperScissors */,
				C1436457222B1AA000884170 /* RockPaperScissorsTests */,
				C1436441222B1A9F00884170 /* Products */,
				F041933CA06E5666DE58F86E /* Pods */,
				DA07230FD67E436528A095C3 /* Frameworks */,
			);
			sourceTree = "<group>";
		};
		C1436441222B1A9F00884170 /* Products */ = {
			isa = PBXGroup;
			children = (
				C1436440222B1A9F00884170 /* RockPaperScissors.app */,
				C1436454222B1AA000884170 /* RockPaperScissorsTests.xctest */,
			);
			name = Products;
			sourceTree = "<group>";
		};
		C1436442222B1A9F00884170 /* RockPaperScissors */ = {
			isa = PBXGroup;
			children = (
				C183AB05222B3F8800DABCAF /* Services */,
				C1436467222B1F9600884170 /* Views */,
				C1436466222B1F9100884170 /* Models */,
				C1436465222B1F8900884170 /* Controllers */,
				C1436463222B1B7900884170 /* GoogleService-Info.plist */,
				C1436443222B1A9F00884170 /* AppDelegate.swift */,
				C143644A222B1AA000884170 /* Assets.xcassets */,
				C143644C222B1AA000884170 /* LaunchScreen.storyboard */,
				C143644F222B1AA000884170 /* Info.plist */,
			);
			path = RockPaperScissors;
			sourceTree = "<group>";
		};
		C1436457222B1AA000884170 /* RockPaperScissorsTests */ = {
			isa = PBXGroup;
			children = (
				C1436458222B1AA000884170 /* RockPaperScissorsTests.swift */,
				C143645A222B1AA000884170 /* Info.plist */,
			);
			path = RockPaperScissorsTests;
			sourceTree = "<group>";
		};
		C1436465222B1F8900884170 /* Controllers */ = {
			isa = PBXGroup;
			children = (
				C1436468222B1FD600884170 /* Login.swift */,
			);
			path = Controllers;
			sourceTree = "<group>";
		};
		C1436466222B1F9100884170 /* Models */ = {
			isa = PBXGroup;
			children = (
				C183AB02222B3A5C00DABCAF /* PlayerProfile.swift */,
			);
			path = Models;
			sourceTree = "<group>";
		};
		C1436467222B1F9600884170 /* Views */ = {
			isa = PBXGroup;
			children = (
				C1436469222B1FD600884170 /* Login.xib */,
			);
			path = Views;
			sourceTree = "<group>";
		};
		C183AB05222B3F8800DABCAF /* Services */ = {
			isa = PBXGroup;
			children = (
				C183AB06222B3FA300DABCAF /* Authentication.swift */,
				C183AB0C222B6DD100DABCAF /* RemoteDatabase.swift */,
			);
			path = Services;
			sourceTree = "<group>";
		};
		DA07230FD67E436528A095C3 /* Frameworks */ = {
			isa = PBXGroup;
			children = (
				0C733D24B9C4868A5A03E639 /* Pods_RockPaperScissors.framework */,
				54B3DA4655A69F2DDC099B1C /* Pods_RockPaperScissorsTests.framework */,
			);
			name = Frameworks;
			sourceTree = "<group>";
		};
		F041933CA06E5666DE58F86E /* Pods */ = {
			isa = PBXGroup;
			children = (
				DE3CB0DA11B6FD5279B7D038 /* Pods-RockPaperScissors.debug.xcconfig */,
				F750E23082497B2025A6A469 /* Pods-RockPaperScissors.release.xcconfig */,
				296E5EDF0C2459926CE9C38C /* Pods-RockPaperScissorsTests.debug.xcconfig */,
				7611B890ECAEBB6FB6054D2D /* Pods-RockPaperScissorsTests.release.xcconfig */,
			);
			path = Pods;
			sourceTree = "<group>";
		};
/* End PBXGroup section */

/* Begin PBXNativeTarget section */
		C143643F222B1A9F00884170 /* RockPaperScissors */ = {
			isa = PBXNativeTarget;
			buildConfigurationList = C143645D222B1AA000884170 /* Build configuration list for PBXNativeTarget "RockPaperScissors" */;
			buildPhases = (
				DD8B0B06B80DF6789B5A33F7 /* [CP] Check Pods Manifest.lock */,
				C143643C222B1A9F00884170 /* Sources */,
				C143643D222B1A9F00884170 /* Frameworks */,
				C143643E222B1A9F00884170 /* Resources */,
				1DF1C3C26E6B80E6261C6F42 /* [CP] Embed Pods Frameworks */,
			);
			buildRules = (
			);
			dependencies = (
			);
			name = RockPaperScissors;
			productName = RockPaperScissors;
			productReference = C1436440222B1A9F00884170 /* RockPaperScissors.app */;
			productType = "com.apple.product-type.application";
		};
		C1436453222B1AA000884170 /* RockPaperScissorsTests */ = {
			isa = PBXNativeTarget;
			buildConfigurationList = C1436460222B1AA000884170 /* Build configuration list for PBXNativeTarget "RockPaperScissorsTests" */;
			buildPhases = (
				6F2B08D6892EFC0FCBB43F13 /* [CP] Check Pods Manifest.lock */,
				C1436450222B1AA000884170 /* Sources */,
				C1436451222B1AA000884170 /* Frameworks */,
				C1436452222B1AA000884170 /* Resources */,
			);
			buildRules = (
			);
			dependencies = (
				C1436456222B1AA000884170 /* PBXTargetDependency */,
			);
			name = RockPaperScissorsTests;
			productName = RockPaperScissorsTests;
			productReference = C1436454222B1AA000884170 /* RockPaperScissorsTests.xctest */;
			productType = "com.apple.product-type.bundle.unit-test";
		};
/* End PBXNativeTarget section */

/* Begin PBXProject section */
		C1436438222B1A9F00884170 /* Project object */ = {
			isa = PBXProject;
			attributes = {
				LastSwiftUpdateCheck = 0940;
				LastUpgradeCheck = 0940;
				ORGANIZATIONNAME = "Gabriel Rezende";
				TargetAttributes = {
					C143643F222B1A9F00884170 = {
						CreatedOnToolsVersion = 9.4.1;
					};
					C1436453222B1AA000884170 = {
						CreatedOnToolsVersion = 9.4.1;
						TestTargetID = C143643F222B1A9F00884170;
					};
				};
			};
			buildConfigurationList = C143643B222B1A9F00884170 /* Build configuration list for PBXProject "RockPaperScissors" */;
			compatibilityVersion = "Xcode 9.3";
			developmentRegion = en;
			hasScannedForEncodings = 0;
			knownRegions = (
				en,
				Base,
			);
			mainGroup = C1436437222B1A9F00884170;
			productRefGroup = C1436441222B1A9F00884170 /* Products */;
			projectDirPath = "";
			projectRoot = "";
			targets = (
				C143643F222B1A9F00884170 /* RockPaperScissors */,
				C1436453222B1AA000884170 /* RockPaperScissorsTests */,
			);
		};
/* End PBXProject section */

/* Begin PBXResourcesBuildPhase section */
		C143643E222B1A9F00884170 /* Resources */ = {
			isa = PBXResourcesBuildPhase;
			buildActionMask = 2147483647;
			files = (
				C143644E222B1AA000884170 /* LaunchScreen.storyboard in Resources */,
				C1436464222B1B7900884170 /* GoogleService-Info.plist in Resources */,
				C143644B222B1AA000884170 /* Assets.xcassets in Resources */,
				C143646B222B1FD600884170 /* Login.xib in Resources */,
			);
			runOnlyForDeploymentPostprocessing = 0;
		};
		C1436452222B1AA000884170 /* Resources */ = {
			isa = PBXResourcesBuildPhase;
			buildActionMask = 2147483647;
			files = (
			);
			runOnlyForDeploymentPostprocessing = 0;
		};
/* End PBXResourcesBuildPhase section */

/* Begin PBXShellScriptBuildPhase section */
		1DF1C3C26E6B80E6261C6F42 /* [CP] Embed Pods Frameworks */ = {
			isa = PBXShellScriptBuildPhase;
			buildActionMask = 2147483647;
			files = (
			);
			inputPaths = (
				"${PODS_ROOT}/Target Support Files/Pods-RockPaperScissors/Pods-RockPaperScissors-frameworks.sh",
				"${BUILT_PRODUCTS_DIR}/GTMSessionFetcher/GTMSessionFetcher.framework",
				"${BUILT_PRODUCTS_DIR}/GoogleUtilities/GoogleUtilities.framework",
				"${BUILT_PRODUCTS_DIR}/IHKeyboardAvoiding/IHKeyboardAvoiding.framework",
				"${BUILT_PRODUCTS_DIR}/NVActivityIndicatorView/NVActivityIndicatorView.framework",
				"${BUILT_PRODUCTS_DIR}/leveldb-library/leveldb.framework",
				"${BUILT_PRODUCTS_DIR}/nanopb/nanopb.framework",
			);
			name = "[CP] Embed Pods Frameworks";
			outputPaths = (
				"${TARGET_BUILD_DIR}/${FRAMEWORKS_FOLDER_PATH}/GTMSessionFetcher.framework",
				"${TARGET_BUILD_DIR}/${FRAMEWORKS_FOLDER_PATH}/GoogleUtilities.framework",
				"${TARGET_BUILD_DIR}/${FRAMEWORKS_FOLDER_PATH}/IHKeyboardAvoiding.framework",
				"${TARGET_BUILD_DIR}/${FRAMEWORKS_FOLDER_PATH}/NVActivityIndicatorView.framework",
				"${TARGET_BUILD_DIR}/${FRAMEWORKS_FOLDER_PATH}/leveldb.framework",
				"${TARGET_BUILD_DIR}/${FRAMEWORKS_FOLDER_PATH}/nanopb.framework",
			);
			runOnlyForDeploymentPostprocessing = 0;
			shellPath = /bin/sh;
			shellScript = "\"${PODS_ROOT}/Target Support Files/Pods-RockPaperScissors/Pods-RockPaperScissors-frameworks.sh\"\n";
			showEnvVarsInLog = 0;
		};
		6F2B08D6892EFC0FCBB43F13 /* [CP] Check Pods Manifest.lock */ = {
			isa = PBXShellScriptBuildPhase;
			buildActionMask = 2147483647;
			files = (
			);
			inputPaths = (
				"${PODS_PODFILE_DIR_PATH}/Podfile.lock",
				"${PODS_ROOT}/Manifest.lock",
			);
			name = "[CP] Check Pods Manifest.lock";
			outputPaths = (
				"$(DERIVED_FILE_DIR)/Pods-RockPaperScissorsTests-checkManifestLockResult.txt",
			);
			runOnlyForDeploymentPostprocessing = 0;
			shellPath = /bin/sh;
			shellScript = "diff \"${PODS_PODFILE_DIR_PATH}/Podfile.lock\" \"${PODS_ROOT}/Manifest.lock\" > /dev/null\nif [ $? != 0 ] ; then\n    # print error to STDERR\n    echo \"error: The sandbox is not in sync with the Podfile.lock. Run 'pod install' or update your CocoaPods installation.\" >&2\n    exit 1\nfi\n# This output is used by Xcode 'outputs' to avoid re-running this script phase.\necho \"SUCCESS\" > \"${SCRIPT_OUTPUT_FILE_0}\"\n";
			showEnvVarsInLog = 0;
		};
		DD8B0B06B80DF6789B5A33F7 /* [CP] Check Pods Manifest.lock */ = {
			isa = PBXShellScriptBuildPhase;
			buildActionMask = 2147483647;
			files = (
			);
			inputPaths = (
				"${PODS_PODFILE_DIR_PATH}/Podfile.lock",
				"${PODS_ROOT}/Manifest.lock",
			);
			name = "[CP] Check Pods Manifest.lock";
			outputPaths = (
				"$(DERIVED_FILE_DIR)/Pods-RockPaperScissors-checkManifestLockResult.txt",
			);
			runOnlyForDeploymentPostprocessing = 0;
			shellPath = /bin/sh;
			shellScript = "diff \"${PODS_PODFILE_DIR_PATH}/Podfile.lock\" \"${PODS_ROOT}/Manifest.lock\" > /dev/null\nif [ $? != 0 ] ; then\n    # print error to STDERR\n    echo \"error: The sandbox is not in sync with the Podfile.lock. Run 'pod install' or update your CocoaPods installation.\" >&2\n    exit 1\nfi\n# This output is used by Xcode 'outputs' to avoid re-running this script phase.\necho \"SUCCESS\" > \"${SCRIPT_OUTPUT_FILE_0}\"\n";
			showEnvVarsInLog = 0;
		};
/* End PBXShellScriptBuildPhase section */

/* Begin PBXSourcesBuildPhase section */
		C143643C222B1A9F00884170 /* Sources */ = {
			isa = PBXSourcesBuildPhase;
			buildActionMask = 2147483647;
			files = (
				C1436444222B1A9F00884170 /* AppDelegate.swift in Sources */,
				C183AB03222B3A5C00DABCAF /* PlayerProfile.swift in Sources */,
				C143646A222B1FD600884170 /* Login.swift in Sources */,
				C183AB07222B3FA300DABCAF /* Authentication.swift in Sources */,
				C183AB0D222B6DD100DABCAF /* RemoteDatabase.swift in Sources */,
			);
			runOnlyForDeploymentPostprocessing = 0;
		};
		C1436450222B1AA000884170 /* Sources */ = {
			isa = PBXSourcesBuildPhase;
			buildActionMask = 2147483647;
			files = (
				C1436459222B1AA000884170 /* RockPaperScissorsTests.swift in Sources */,
			);
			runOnlyForDeploymentPostprocessing = 0;
		};
/* End PBXSourcesBuildPhase section */

/* Begin PBXTargetDependency section */
		C1436456222B1AA000884170 /* PBXTargetDependency */ = {
			isa = PBXTargetDependency;
			target = C143643F222B1A9F00884170 /* RockPaperScissors */;
			targetProxy = C1436455222B1AA000884170 /* PBXContainerItemProxy */;
		};
/* End PBXTargetDependency section */

/* Begin PBXVariantGroup section */
		C143644C222B1AA000884170 /* LaunchScreen.storyboard */ = {
			isa = PBXVariantGroup;
			children = (
				C143644D222B1AA000884170 /* Base */,
			);
			name = LaunchScreen.storyboard;
			sourceTree = "<group>";
		};
/* End PBXVariantGroup section */

/* Begin XCBuildConfiguration section */
		C143645B222B1AA000884170 /* Debug */ = {
			isa = XCBuildConfiguration;
			buildSettings = {
				ALWAYS_SEARCH_USER_PATHS = NO;
				CLANG_ANALYZER_NONNULL = YES;
				CLANG_ANALYZER_NUMBER_OBJECT_CONVERSION = YES_AGGRESSIVE;
				CLANG_CXX_LANGUAGE_STANDARD = "gnu++14";
				CLANG_CXX_LIBRARY = "libc++";
				CLANG_ENABLE_MODULES = YES;
				CLANG_ENABLE_OBJC_ARC = YES;
				CLANG_ENABLE_OBJC_WEAK = YES;
				CLANG_WARN_BLOCK_CAPTURE_AUTORELEASING = YES;
				CLANG_WARN_BOOL_CONVERSION = YES;
				CLANG_WARN_COMMA = YES;
				CLANG_WARN_CONSTANT_CONVERSION = YES;
				CLANG_WARN_DEPRECATED_OBJC_IMPLEMENTATIONS = YES;
				CLANG_WARN_DIRECT_OBJC_ISA_USAGE = YES_ERROR;
				CLANG_WARN_DOCUMENTATION_COMMENTS = YES;
				CLANG_WARN_EMPTY_BODY = YES;
				CLANG_WARN_ENUM_CONVERSION = YES;
				CLANG_WARN_INFINITE_RECURSION = YES;
				CLANG_WARN_INT_CONVERSION = YES;
				CLANG_WARN_NON_LITERAL_NULL_CONVERSION = YES;
				CLANG_WARN_OBJC_IMPLICIT_RETAIN_SELF = YES;
				CLANG_WARN_OBJC_LITERAL_CONVERSION = YES;
				CLANG_WARN_OBJC_ROOT_CLASS = YES_ERROR;
				CLANG_WARN_RANGE_LOOP_ANALYSIS = YES;
				CLANG_WARN_STRICT_PROTOTYPES = YES;
				CLANG_WARN_SUSPICIOUS_MOVE = YES;
				CLANG_WARN_UNGUARDED_AVAILABILITY = YES_AGGRESSIVE;
				CLANG_WARN_UNREACHABLE_CODE = YES;
				CLANG_WARN__DUPLICATE_METHOD_MATCH = YES;
				CODE_SIGN_IDENTITY = "iPhone Developer";
				COPY_PHASE_STRIP = NO;
				DEBUG_INFORMATION_FORMAT = dwarf;
				ENABLE_STRICT_OBJC_MSGSEND = YES;
				ENABLE_TESTABILITY = YES;
				GCC_C_LANGUAGE_STANDARD = gnu11;
				GCC_DYNAMIC_NO_PIC = NO;
				GCC_NO_COMMON_BLOCKS = YES;
				GCC_OPTIMIZATION_LEVEL = 0;
				GCC_PREPROCESSOR_DEFINITIONS = (
					"DEBUG=1",
					"$(inherited)",
				);
				GCC_WARN_64_TO_32_BIT_CONVERSION = YES;
				GCC_WARN_ABOUT_RETURN_TYPE = YES_ERROR;
				GCC_WARN_UNDECLARED_SELECTOR = YES;
				GCC_WARN_UNINITIALIZED_AUTOS = YES_AGGRESSIVE;
				GCC_WARN_UNUSED_FUNCTION = YES;
				GCC_WARN_UNUSED_VARIABLE = YES;
				IPHONEOS_DEPLOYMENT_TARGET = 11.4;
				MTL_ENABLE_DEBUG_INFO = YES;
				ONLY_ACTIVE_ARCH = YES;
				SDKROOT = iphoneos;
				SWIFT_ACTIVE_COMPILATION_CONDITIONS = DEBUG;
				SWIFT_OPTIMIZATION_LEVEL = "-Onone";
			};
			name = Debug;
		};
		C143645C222B1AA000884170 /* Release */ = {
			isa = XCBuildConfiguration;
			buildSettings = {
				ALWAYS_SEARCH_USER_PATHS = NO;
				CLANG_ANALYZER_NONNULL = YES;
				CLANG_ANALYZER_NUMBER_OBJECT_CONVERSION = YES_AGGRESSIVE;
				CLANG_CXX_LANGUAGE_STANDARD = "gnu++14";
				CLANG_CXX_LIBRARY = "libc++";
				CLANG_ENABLE_MODULES = YES;
				CLANG_ENABLE_OBJC_ARC = YES;
				CLANG_ENABLE_OBJC_WEAK = YES;
				CLANG_WARN_BLOCK_CAPTURE_AUTORELEASING = YES;
				CLANG_WARN_BOOL_CONVERSION = YES;
				CLANG_WARN_COMMA = YES;
				CLANG_WARN_CONSTANT_CONVERSION = YES;
				CLANG_WARN_DEPRECATED_OBJC_IMPLEMENTATIONS = YES;
				CLANG_WARN_DIRECT_OBJC_ISA_USAGE = YES_ERROR;
				CLANG_WARN_DOCUMENTATION_COMMENTS = YES;
				CLANG_WARN_EMPTY_BODY = YES;
				CLANG_WARN_ENUM_CONVERSION = YES;
				CLANG_WARN_INFINITE_RECURSION = YES;
				CLANG_WARN_INT_CONVERSION = YES;
				CLANG_WARN_NON_LITERAL_NULL_CONVERSION = YES;
				CLANG_WARN_OBJC_IMPLICIT_RETAIN_SELF = YES;
				CLANG_WARN_OBJC_LITERAL_CONVERSION = YES;
				CLANG_WARN_OBJC_ROOT_CLASS = YES_ERROR;
				CLANG_WARN_RANGE_LOOP_ANALYSIS = YES;
				CLANG_WARN_STRICT_PROTOTYPES = YES;
				CLANG_WARN_SUSPICIOUS_MOVE = YES;
				CLANG_WARN_UNGUARDED_AVAILABILITY = YES_AGGRESSIVE;
				CLANG_WARN_UNREACHABLE_CODE = YES;
				CLANG_WARN__DUPLICATE_METHOD_MATCH = YES;
				CODE_SIGN_IDENTITY = "iPhone Developer";
				COPY_PHASE_STRIP = NO;
				DEBUG_INFORMATION_FORMAT = "dwarf-with-dsym";
				ENABLE_NS_ASSERTIONS = NO;
				ENABLE_STRICT_OBJC_MSGSEND = YES;
				GCC_C_LANGUAGE_STANDARD = gnu11;
				GCC_NO_COMMON_BLOCKS = YES;
				GCC_WARN_64_TO_32_BIT_CONVERSION = YES;
				GCC_WARN_ABOUT_RETURN_TYPE = YES_ERROR;
				GCC_WARN_UNDECLARED_SELECTOR = YES;
				GCC_WARN_UNINITIALIZED_AUTOS = YES_AGGRESSIVE;
				GCC_WARN_UNUSED_FUNCTION = YES;
				GCC_WARN_UNUSED_VARIABLE = YES;
				IPHONEOS_DEPLOYMENT_TARGET = 11.4;
				MTL_ENABLE_DEBUG_INFO = NO;
				SDKROOT = iphoneos;
				SWIFT_COMPILATION_MODE = wholemodule;
				SWIFT_OPTIMIZATION_LEVEL = "-O";
				VALIDATE_PRODUCT = YES;
			};
			name = Release;
		};
		C143645E222B1AA000884170 /* Debug */ = {
			isa = XCBuildConfiguration;
			baseConfigurationReference = DE3CB0DA11B6FD5279B7D038 /* Pods-RockPaperScissors.debug.xcconfig */;
			buildSettings = {
				ASSETCATALOG_COMPILER_APPICON_NAME = AppIcon;
				CODE_SIGN_STYLE = Automatic;
				DEVELOPMENT_TEAM = T5T826RV5P;
				INFOPLIST_FILE = RockPaperScissors/Info.plist;
				LD_RUNPATH_SEARCH_PATHS = (
					"$(inherited)",
					"@executable_path/Frameworks",
				);
				PRODUCT_BUNDLE_IDENTIFIER = com.grezende.RockPaperScissors;
				PRODUCT_NAME = "$(TARGET_NAME)";
				SWIFT_VERSION = 4.0;
				TARGETED_DEVICE_FAMILY = "1,2";
			};
			name = Debug;
		};
		C143645F222B1AA000884170 /* Release */ = {
			isa = XCBuildConfiguration;
			baseConfigurationReference = F750E23082497B2025A6A469 /* Pods-RockPaperScissors.release.xcconfig */;
			buildSettings = {
				ASSETCATALOG_COMPILER_APPICON_NAME = AppIcon;
				CODE_SIGN_STYLE = Automatic;
				DEVELOPMENT_TEAM = T5T826RV5P;
				INFOPLIST_FILE = RockPaperScissors/Info.plist;
				LD_RUNPATH_SEARCH_PATHS = (
					"$(inherited)",
					"@executable_path/Frameworks",
				);
				PRODUCT_BUNDLE_IDENTIFIER = com.grezende.RockPaperScissors;
				PRODUCT_NAME = "$(TARGET_NAME)";
				SWIFT_VERSION = 4.0;
				TARGETED_DEVICE_FAMILY = "1,2";
			};
			name = Release;
		};
		C1436461222B1AA000884170 /* Debug */ = {
			isa = XCBuildConfiguration;
			baseConfigurationReference = 296E5EDF0C2459926CE9C38C /* Pods-RockPaperScissorsTests.debug.xcconfig */;
			buildSettings = {
				ALWAYS_EMBED_SWIFT_STANDARD_LIBRARIES = YES;
				BUNDLE_LOADER = "$(TEST_HOST)";
				CODE_SIGN_STYLE = Automatic;
				DEVELOPMENT_TEAM = T5T826RV5P;
				INFOPLIST_FILE = RockPaperScissorsTests/Info.plist;
				LD_RUNPATH_SEARCH_PATHS = (
					"$(inherited)",
					"@executable_path/Frameworks",
					"@loader_path/Frameworks",
				);
				PRODUCT_BUNDLE_IDENTIFIER = com.grezende.RockPaperScissorsTests;
				PRODUCT_NAME = "$(TARGET_NAME)";
				SWIFT_VERSION = 4.0;
				TARGETED_DEVICE_FAMILY = "1,2";
				TEST_HOST = "$(BUILT_PRODUCTS_DIR)/RockPaperScissors.app/RockPaperScissors";
			};
			name = Debug;
		};
		C1436462222B1AA000884170 /* Release */ = {
			isa = XCBuildConfiguration;
			baseConfigurationReference = 7611B890ECAEBB6FB6054D2D /* Pods-RockPaperScissorsTests.release.xcconfig */;
			buildSettings = {
				ALWAYS_EMBED_SWIFT_STANDARD_LIBRARIES = YES;
				BUNDLE_LOADER = "$(TEST_HOST)";
				CODE_SIGN_STYLE = Automatic;
				DEVELOPMENT_TEAM = T5T826RV5P;
				INFOPLIST_FILE = RockPaperScissorsTests/Info.plist;
				LD_RUNPATH_SEARCH_PATHS = (
					"$(inherited)",
					"@executable_path/Frameworks",
					"@loader_path/Frameworks",
				);
				PRODUCT_BUNDLE_IDENTIFIER = com.grezende.RockPaperScissorsTests;
				PRODUCT_NAME = "$(TARGET_NAME)";
				SWIFT_VERSION = 4.0;
				TARGETED_DEVICE_FAMILY = "1,2";
				TEST_HOST = "$(BUILT_PRODUCTS_DIR)/RockPaperScissors.app/RockPaperScissors";
			};
			name = Release;
		};
/* End XCBuildConfiguration section */

/* Begin XCConfigurationList section */
		C143643B222B1A9F00884170 /* Build configuration list for PBXProject "RockPaperScissors" */ = {
			isa = XCConfigurationList;
			buildConfigurations = (
				C143645B222B1AA000884170 /* Debug */,
				C143645C222B1AA000884170 /* Release */,
			);
			defaultConfigurationIsVisible = 0;
			defaultConfigurationName = Release;
		};
		C143645D222B1AA000884170 /* Build configuration list for PBXNativeTarget "RockPaperScissors" */ = {
			isa = XCConfigurationList;
			buildConfigurations = (
				C143645E222B1AA000884170 /* Debug */,
				C143645F222B1AA000884170 /* Release */,
			);
			defaultConfigurationIsVisible = 0;
			defaultConfigurationName = Release;
		};
		C1436460222B1AA000884170 /* Build configuration list for PBXNativeTarget "RockPaperScissorsTests" */ = {
			isa = XCConfigurationList;
			buildConfigurations = (
				C1436461222B1AA000884170 /* Debug */,
				C1436462222B1AA000884170 /* Release */,
			);
			defaultConfigurationIsVisible = 0;
			defaultConfigurationName = Release;
		};
/* End XCConfigurationList section */
	};
	rootObject = C1436438222B1A9F00884170 /* Project object */;
}
